
Microsoft Visual Studio Solution File, Format Version 12.00
# Visual Studio Version 17
VisualStudioVersion = 17.7.34221.43
MinimumVisualStudioVersion = 10.0.40219.1
Project("{FAE04EC0-301F-11D3-BF4B-00C04F79EFBC}") = "ConAppAssignmentGradeRemoval", "ConAppAssignmentGradeRemoval\ConAppAssignmentGradeRemoval.csproj", "{4BE2A75C-1515-457A-B712-E5F10CA8560D}"
EndProject
Global
	GlobalSection(SolutionConfigurationPlatforms) = preSolution
		Debug|Any CPU = Debug|Any CPU
		Release|Any CPU = Release|Any CPU
	EndGlobalSection
	GlobalSection(ProjectConfigurationPlatforms) = postSolution
		{4BE2A75C-1515-457A-B712-E5F10CA8560D}.Debug|Any CPU.ActiveCfg = Debug|Any CPU
		{4BE2A75C-1515-457A-B712-E5F10CA8560D}.Debug|Any CPU.Build.0 = Debug|Any CPU
		{4BE2A75C-1515-457A-B712-E5F10CA8560D}.Release|Any CPU.ActiveCfg = Release|Any CPU
		{4BE2A75C-1515-457A-B712-E5F10CA8560D}.Release|Any CPU.Build.0 = Release|Any CPU
	EndGlobalSection
	GlobalSection(SolutionProperties) = preSolution
		HideSolutionNode = FALSE
	EndGlobalSection
	GlobalSection(ExtensibilityGlobals) = postSolution
		SolutionGuid = {2F0D956B-FF52-4802-A8BC-69E20D21A3A9}
	EndGlobalSection
EndGlobal
